Microsoft Visual Studio Solution File, Format Version 12.00
# Visual Studio Version 17
VisualStudioVersion = 17.5.2.0
MinimumVisualStudioVersion = 10.0.40219.1
Project("{2150E333-8FDC-42A3-9474-1A3956D46DE8}") = "api-gateway", "api-gateway", "{D5740E39-79EC-8D71-EBC3-DD458F48E25C}"
EndProject
Project("{2150E333-8FDC-42A3-9474-1A3956D46DE8}") = "auth-service", "auth-service", "{0034DDB9-D8DB-19F2-E616-15F2258A817C}"
EndProject
Project("{2150E333-8FDC-42A3-9474-1A3956D46DE8}") = "qma-service", "qma-service", "{4773C53F-AC57-B1B7-C0CD-724D787E98A5}"
EndProject
Project("{FAE04EC0-301F-11D3-BF4B-00C04F79EFBC}") = "ApiGateway", "api-gateway\ApiGateway.csproj", "{56732C18-DA96-CCB6-9A7C-209B2E725439}"
EndProject
Project("{FAE04EC0-301F-11D3-BF4B-00C04F79EFBC}") = "AuthService", "auth-service\AuthService.csproj", "{94F48A4E-4053-9BCC-71CA-E4538DFFFA56}"
EndProject
Project("{FAE04EC0-301F-11D3-BF4B-00C04F79EFBC}") = "QmaService", "qma-service\QmaService.csproj", "{AFCAC5B8-3E8D-183B-824E-4868F3F23666}"
EndProject
Global
	GlobalSection(SolutionConfigurationPlatforms) = preSolution
		Debug|Any CPU = Debug|Any CPU
		Release|Any CPU = Release|Any CPU
	EndGlobalSection
	GlobalSection(ProjectConfigurationPlatforms) = postSolution
		{56732C18-DA96-CCB6-9A7C-209B2E725439}.Debug|Any CPU.ActiveCfg = Debug|Any CPU
		{56732C18-DA96-CCB6-9A7C-209B2E725439}.Debug|Any CPU.Build.0 = Debug|Any CPU
		{56732C18-DA96-CCB6-9A7C-209B2E725439}.Release|Any CPU.ActiveCfg = Release|Any CPU
		{56732C18-DA96-CCB6-9A7C-209B2E725439}.Release|Any CPU.Build.0 = Release|Any CPU
		{94F48A4E-4053-9BCC-71CA-E4538DFFFA56}.Debug|Any CPU.ActiveCfg = Debug|Any CPU
		{94F48A4E-4053-9BCC-71CA-E4538DFFFA56}.Debug|Any CPU.Build.0 = Debug|Any CPU
		{94F48A4E-4053-9BCC-71CA-E4538DFFFA56}.Release|Any CPU.ActiveCfg = Release|Any CPU
		{94F48A4E-4053-9BCC-71CA-E4538DFFFA56}.Release|Any CPU.Build.0 = Release|Any CPU
		{AFCAC5B8-3E8D-183B-824E-4868F3F23666}.Debug|Any CPU.ActiveCfg = Debug|Any CPU
		{AFCAC5B8-3E8D-183B-824E-4868F3F23666}.Debug|Any CPU.Build.0 = Debug|Any CPU
		{AFCAC5B8-3E8D-183B-824E-4868F3F23666}.Release|Any CPU.ActiveCfg = Release|Any CPU
		{AFCAC5B8-3E8D-183B-824E-4868F3F23666}.Release|Any CPU.Build.0 = Release|Any CPU
	EndGlobalSection
	GlobalSection(SolutionProperties) = preSolution
		HideSolutionNode = FALSE
	EndGlobalSection
	GlobalSection(NestedProjects) = preSolution
		{56732C18-DA96-CCB6-9A7C-209B2E725439} = {D5740E39-79EC-8D71-EBC3-DD458F48E25C}
		{94F48A4E-4053-9BCC-71CA-E4538DFFFA56} = {0034DDB9-D8DB-19F2-E616-15F2258A817C}
		{AFCAC5B8-3E8D-183B-824E-4868F3F23666} = {4773C53F-AC57-B1B7-C0CD-724D787E98A5}
	EndGlobalSection
	GlobalSection(ExtensibilityGlobals) = postSolution
		SolutionGuid = {43F16177-85FF-4096-80BC-0AA155BA41A2}
	EndGlobalSection
EndGlobal
